github.com/aws/aws-sdk-go-v2 v1.6.0 h1:r20hdhm8wZmKkClREfacXrKfX0Y7/s0aOoeraFbf/sY=
github.com/aws/aws-sdk-go-v2 v1.6.0/go.mod h1:tI4KhsR5VkzlUa2DZAdwx7wCAYGwkZZ1H31PYrBFx1w=
github.com/aws/aws-sdk-go-v2/config v1.3.0 h1:0JAnp0WcsgKilFLiZEScUTKIvTKa2LkicadZADza+u0=
github.com/aws/aws-sdk-go-v2/config v1.3.0/go.mod h1:lOxzHWDt/k7MMidA/K8DgXL4+ynnZYsDq65Qhs/l3dg=
github.com/aws/aws-sdk-go-v2/credentials v1.2.1 h1:AqQ8PzWll1wegNUOfIKcbp/JspTbJl54gNonrO6VUsY=
github.com/aws/aws-sdk-go-v2/credentials v1.2.1/go.mod h1:Rfvim1eZTC9W5s8YJyYYtl1KMk6e8fHv+wMRQGO4Ru0=
github.com/aws/aws-sdk-go-v2/feature/ec2/imds v1.1.1 h1:w1ocBIhQkLgupEB3d0uOuBddqVYl0xpubz7HSTzWG8A=
github.com/aws/aws-sdk-go-v2/feature/ec2/imds v1.1.1/go.mod h1:GTXAhrxHQOj9N+J5tYVjwt+rpRyy/42qLjlgw9pz1a0=
github.com/aws/aws-sdk-go-v2/internal/ini v1.0.0 h1:k7I9E6tyVWBo7H9ffpnxDWudtjau6Qt9rnOYgV+ciEQ=
github.com/aws/aws-sdk-go-v2/internal/ini v1.0.0/go.mod h1:g3XMXuxvqSMUjnsXXp/960152w0wFS4CXVYgQaSVOHE=
github.com/aws/aws-sdk-go-v2/service/internal/presigned-url v1.1.1 h1:l7pDLsmOGrnR8LT+3gIv8NlHpUhs7220E457KEC2UM0=
github.com/aws/aws-sdk-go-v2/service/internal/presigned-url v1.1.1/go.mod h1:2+ehJPkdIdl46VCj67Emz/EH2hpebHZtaLdzqg+sWOI=
github.com/aws/aws-sdk-go-v2/service/sqs v1.4.2 h1:xWwR/8tj4lD5inTRTMYVN63iqKE1LSY493CVu+RDStI=
github.com/aws/aws-sdk-go-v2/service/sqs v1.4.2/go.mod h1:iNDdLqeQrLCNX00hEi9lh5nNtQmjpigLgYwaTBLa0Ss=
github.com/aws/aws-sdk-go-v2/service/sso v1.2.1 h1:alpXc5UG7al7QnttHe/9hfvUfitV8r3w0onPpPkGzi0=
github.com/aws/aws-sdk-go-v2/service/sso v1.2.1/go.mod h1:VimPFPltQ/920i1X0Sb0VJBROLIHkDg2MNP10D46OGs=
github.com/aws/aws-sdk-go-v2/service/sts v1.4.1 h1:9Z00tExoaLutWVDmY6LyvIAcKjHetkbdmpRt4JN/FN0=
github.com/aws/aws-sdk-go-v2/service/sts v1.4.1/go.mod h1:G9osDWA52WQ38BDcj65VY1cNmcAQXAXTsE8IWH8j81w=
github.com/aws/smithy-go v1.4.0 h1:3rsQpgRe+OoQgJhEwGNpIkosl0fJLdmQqF4gSFRjg+4=
github.com/aws/smithy-go v1.4.0/go.mod h1:SObp3lf9smib00L/v3U2eAKG8FyQ7iLrJnQiAmR5n+E=
github.com/davecgh/go-spew v1.1.0/go.mod h1:J7Y8YcW2NihsgmVo/mv3lAwl/skON4iLHjSsI+c5H38=
github.com/davecgh/go-spew v1.1.1 h1:vj9j/u1bqnvCEfJOwUhtlOARqs3+rkHYY13jYWTU97c=
github.com/davecgh/go-spew v1.1.1/go.mod h1:J7Y8YcW2NihsgmVo/mv3lAwl/skON4iLHjSsI+c5H38=
github.com/google/go-cmp v0.5.4 h1:L8R9j+yAqZuZjsqh/z+F1NCffTKKLShY6zXTItVIZ8M=
github.com/google/go-cmp v0.5.4/go.mod h1:v8dTdLbMG2kIc/vJvl+f65V22dbkXbowE6jgT/gNBxE=
github.com/gorilla/mux v1.8.0/go.mod h1:DVbg23sWSpFRCP0SfiEN6jmj59UnW/n46BH5rLB71So=
github.com/jmespath/go-jmespath v0.4.0/go.mod h1:T8mJZnbsbmF+m6zOOFylbeCJqk5+pHWvzYPziyZiYoo=
github.com/jmespath/go-jmespath/internal/testify v1.5.1/go.mod h1:L3OGu8Wl2/fWfCI6z80xFu9LTZmf1ZRjMHUOPmWr69U=
github.com/konsorten/go-windows-terminal-sequences v1.0.1 h1:mweAR1A6xJ3oS2pRaGiHgQ4OO8tzTaLawm8vnODuwDk=
github.com/konsorten/go-windows-terminal-sequences v1.0.1/go.mod h1:T0+1ngSBFLxvqU3pZ+m/2kptfBszLMUkC4ZK/EgS/cQ=
github.com/kr/pretty v0.1.0 h1:L/CwN0zerZDmRFUapSPitk6f+Q3+0za1rQkzVuMiMFI=
github.com/kr/pretty v0.1.0/go.mod h1:dAy3ld7l9f0ibDNOQOHHMYYIIbhfbHSm3C4ZsoJORNo=
github.com/kr/pty v1.1.1/go.mod h1:pFQYn66WHrOpPYNljwOMqo10TkYh1fy3cYio2l3bCsQ=
github.com/kr/text v0.1.0 h1:45sCR5RtlFHMR4UwH9sdQ5TC8v0qDQCHnXt+kaKSTVE=
github.com/kr/text v0.1.0/go.mod h1:4Jbv+DJW3UT/LiOwJeYQe1efqtUx/iVham/4vfdArNI=
github.com/openfaas/connector-sdk v0.0.0-20201220114541-89f0ffcc5448 h1:gHh56/nHvUPTcFyXszTOrPJePCg2Q3JKln11G1IU3PU=
github.com/openfaas/connector-sdk v0.0.0-20201220114541-89f0ffcc5448/go.mod h1:hxiCgJmfEWQj17jwnr8yj1qbxQAqRPcudKU53lIu/QI=
github.com/openfaas/faas-provider v0.16.1 h1:lJEHU7KpX9q1tpoaghmr4ao7WXi2wfofoaxa9JhNBaE=
github.com/openfaas/faas-provider v0.16.1/go.mod h1:fq1JL0mX4rNvVVvRLaLRJ3H6o667sHuyP5p/7SZEe98=
github.com/pkg/errors v0.9.1 h1:FEBLx1zS214owpjy7qsBeixbURkuhQAwrK5UwLGTwt4=
github.com/pkg/errors v0.9.1/go.mod h1:bwawxfHBFNV+L2hUp1rHADufV3IMtnDRdf1r5NINEl0=
github.com/pmezard/go-difflib v1.0.0 h1:4DBwDE0NGyQoBHbLQYPwSUPoCMWR5BEzIk/f1lZbAQM=
github.com/pmezard/go-difflib v1.0.0/go.mod h1:iKH77koFhYxTK1pcRnkKkqfTogsbg7gZNVY4sRDYZ/4=
github.com/sirupsen/logrus v1.4.2 h1:SPIRibHv4MatM3XXNO2BJeFLZwZ2LvZgfQ5+UNI2im4=
github.com/sirupsen/logrus v1.4.2/go.mod h1:tLMulIdttU9McNUspp0xgXVQah82FyeX6MwdIuYE2rE=
github.com/stretchr/objx v0.1.0/go.mod h1:HFkY916IF+rwdDfMAkV7OtwuqBVzrE8GR6GFx+wExME=
github.com/stretchr/objx v0.1.1/go.mod h1:HFkY916IF+rwdDfMAkV7OtwuqBVzrE8GR6GFx+wExME=
github.com/stretchr/testify v1.2.2/go.mod h1:a8OnRcib4nhh0OaRAV+Yts87kKdq0PP7pXfy6kDkUVs=
github.com/stretchr/testify v1.4.0/go.mod h1:j7eGeouHqKxXV5pUuKE4zz7dFj8WfuZ+81PSLYec5m4=
github.com/stretchr/testify v1.5.1 h1:nOGnQDM7FYENwehXlg/kFVnos3rEvtKTjRvOWSzb6H4=
github.com/stretchr/testify v1.5.1/go.mod h1:5W2xD1RspED5o8YsWQXVCued0rvSQ+mT+I5cxcmMvtA=
go.uber.org/goleak v1.1.0/go.mod h1:8a7PlsEVH3e/a/GLqe5IIrQx6GzcnRmZEufDUTk4A7A=
golang.org/x/crypto v0.0.0-20190308221718-c2843e01d9a2/go.mod h1:djNgcEr1/C05ACkg1iLfiJU5Ep61QUkGW8qpdssI0+w=
golang.org/x/lint v0.0.0-20190930215403-16217165b5de/go.mod h1:6SW0HCj/g11FgYtHlgUYUwCkIfeOF89ocIRzGO/8vkc=
golang.org/x/net v0.0.0-20190311183353-d8887717615a/go.mod h1:t9HGtf8HONx5eT2rtn7q6eTqICYqUVnKs3thJo3Qplg=
golang.org/x/net v0.0.0-20190620200207-3b0461eec859/go.mod h1:z5CRVTTTmAJ677TzLLGU+0bjPO0LkuOLi4/5GtJWs/s=
golang.org/x/sync v0.0.0-20190423024810-112230192c58/go.mod h1:RxMgew5VJxzue5/jJTE5uejpjVlOe/izrB70Jof72aM=
golang.org/x/sys v0.0.0-20190215142949-d0b11bdaac8a/go.mod h1:STP8DvDyc/dI5b8T5hshtkjS+E42TnysNCUPdjciGhY=
golang.org/x/sys v0.0.0-20190422165155-953cdadca894 h1:Cz4ceDQGXuKRnVBDTS23GTn/pU5OE2C0WrNTOYK1Uuc=
golang.org/x/sys v0.0.0-20190422165155-953cdadca894/go.mod h1:h1NjWce9XRLGQEsW7wpKNCjG9DtNlClVuFLEZdDNbEs=
golang.org/x/text v0.3.0/go.mod h1:NqM8EUOU14njkJ3fqMW+pc6Ldnwhi/IjpwHt7yyuwOQ=
golang.org/x/tools v0.0.0-20190311212946-11955173bddd/go.mod h1:LCzVGOaR6xXOjkQ3onu1FJEFr0SW1gC7cKk1uF8kGRs=
golang.org/x/tools v0.0.0-20191108193012-7d206e10da11/go.mod h1:b+2E5dAYhXwXZwtnZ6UAqBI28+e2cm9otk0dWdXHAEo=
golang.org/x/xerrors v0.0.0-20190717185122-a985d3407aa7/go.mod h1:I/5z698sn9Ka8TeJc9MKroUUfqBBauWjQqLJ2OPfmY0=
golang.org/x/xerrors v0.0.0-20191204190536-9bdfabe68543 h1:E7g+9GITq07hpfrRu66IVDexMakfv52eLZ2CXBWiKr4=
golang.org/x/xerrors v0.0.0-20191204190536-9bdfabe68543/go.mod h1:I/5z698sn9Ka8TeJc9MKroUUfqBBauWjQqLJ2OPfmY0=
gopkg.in/check.v1 v0.0.0-20161208181325-20d25e280405/go.mod h1:Co6ibVJAznAaIkqp8huTwlJQCZ016jof/cbN4VW5Yz0=
gopkg.in/check.v1 v1.0.0-20180628173108-788fd7840127 h1:qIbj1fsPNlZgppZ+VLlY7N33q108Sa+fhmuc+sWQYwY=
gopkg.in/check.v1 v1.0.0-20180628173108-788fd7840127/go.mod h1:Co6ibVJAznAaIkqp8huTwlJQCZ016jof/cbN4VW5Yz0=
gopkg.in/yaml.v2 v2.2.2/go.mod h1:hI93XBmqTisBFMUTm0b8Fm+jr3Dg1NNxqwp+5A1VGuI=
gopkg.in/yaml.v2 v2.2.8 h1:obN1ZagJSUGI0Ek/LBmuj4SNLPfIny3KsKFopxRdj10=
gopkg.in/yaml.v2 v2.2.8/go.mod h1:hI93XBmqTisBFMUTm0b8Fm+jr3Dg1NNxqwp+5A1VGuI=
